
Microsoft Visual Studio Solution File, Format Version 12.00
# Visual Studio 15
VisualStudioVersion = 15.0.26730.10
MinimumVisualStudioVersion = 10.0.40219.1
Project("{FAE04EC0-301F-11D3-BF4B-00C04F79EFBC}") = "Lab38George", "Lab38George\Lab38George.csproj", "{0F43C498-8087-4F70-8054-EDB961F79DDA}"
EndProject
Global
	GlobalSection(SolutionConfigurationPlatforms) = preSolution
		Debug|Any CPU = Debug|Any CPU
		Release|Any CPU = Release|Any CPU
	EndGlobalSection
	GlobalSection(ProjectConfigurationPlatforms) = postSolution
		{0F43C498-8087-4F70-8054-EDB961F79DDA}.Debug|Any CPU.ActiveCfg = Debug|Any CPU
		{0F43C498-8087-4F70-8054-EDB961F79DDA}.Debug|Any CPU.Build.0 = Debug|Any CPU
		{0F43C498-8087-4F70-8054-EDB961F79DDA}.Release|Any CPU.ActiveCfg = Release|Any CPU
		{0F43C498-8087-4F70-8054-EDB961F79DDA}.Release|Any CPU.Build.0 = Release|Any CPU
	EndGlobalSection
	GlobalSection(SolutionProperties) = preSolution
		HideSolutionNode = FALSE
	EndGlobalSection
	GlobalSection(ExtensibilityGlobals) = postSolution
		SolutionGuid = {A3913687-1487-47F3-94CC-67D33559265F}
	EndGlobalSection
EndGlobal
