
Microsoft Visual Studio Solution File, Format Version 12.00
# Visual Studio 15
VisualStudioVersion = 15.0.26730.12
MinimumVisualStudioVersion = 10.0.40219.1
Project("{FAE04EC0-301F-11D3-BF4B-00C04F79EFBC}") = "Lab38Api", "Lab38Api\Lab38Api.csproj", "{746048B1-2461-4653-8990-52814AC905F2}"
EndProject
Project("{2150E333-8FDC-42A3-9474-1A3956D46DE8}") = "tests", "tests", "{54F0A940-25DF-408A-93F1-AF2E2E545DAD}"
EndProject
Project("{FAE04EC0-301F-11D3-BF4B-00C04F79EFBC}") = "Tests1", "Tests1\Tests1.csproj", "{28FCCD05-EB34-414D-B2E5-E7037B6F0EE5}"
EndProject
Global
	GlobalSection(SolutionConfigurationPlatforms) = preSolution
		Debug|Any CPU = Debug|Any CPU
		Release|Any CPU = Release|Any CPU
	EndGlobalSection
	GlobalSection(ProjectConfigurationPlatforms) = postSolution
		{746048B1-2461-4653-8990-52814AC905F2}.Debug|Any CPU.ActiveCfg = Debug|Any CPU
		{746048B1-2461-4653-8990-52814AC905F2}.Debug|Any CPU.Build.0 = Debug|Any CPU
		{746048B1-2461-4653-8990-52814AC905F2}.Release|Any CPU.ActiveCfg = Release|Any CPU
		{746048B1-2461-4653-8990-52814AC905F2}.Release|Any CPU.Build.0 = Release|Any CPU
		{28FCCD05-EB34-414D-B2E5-E7037B6F0EE5}.Debug|Any CPU.ActiveCfg = Debug|Any CPU
		{28FCCD05-EB34-414D-B2E5-E7037B6F0EE5}.Debug|Any CPU.Build.0 = Debug|Any CPU
		{28FCCD05-EB34-414D-B2E5-E7037B6F0EE5}.Release|Any CPU.ActiveCfg = Release|Any CPU
		{28FCCD05-EB34-414D-B2E5-E7037B6F0EE5}.Release|Any CPU.Build.0 = Release|Any CPU
	EndGlobalSection
	GlobalSection(SolutionProperties) = preSolution
		HideSolutionNode = FALSE
	EndGlobalSection
	GlobalSection(NestedProjects) = preSolution
		{28FCCD05-EB34-414D-B2E5-E7037B6F0EE5} = {54F0A940-25DF-408A-93F1-AF2E2E545DAD}
	EndGlobalSection
	GlobalSection(ExtensibilityGlobals) = postSolution
		SolutionGuid = {C2CD854B-2C37-4F8A-AC49-896A9A300DC5}
	EndGlobalSection
EndGlobal
